// !$*UTF8*$!
{
	archiveVersion = 1;
	classes = {
	};
	objectVersion = 77;
	objects = {

/* Begin PBXBuildFile section */
		00349D18A57CBE3FD2448840 /* SearchViewController.swift in Sources */ = {isa = PBXBuildFile; fileRef = A55D7DCDAB9138844813DB27 /* SearchViewController.swift */; };
		005FCB444EFCC9B96D4A30AA /* AppDelegate.swift in Sources */ = {isa = PBXBuildFile; fileRef = AC0C2EC97B9E5546E928C888 /* AppDelegate.swift */; };
		05249118C098B3B474B06A7A /* ForumCell.swift in Sources */ = {isa = PBXBuildFile; fileRef = 55D084ECCF842EF73AAC9F57 /* ForumCell.swift */; };
		0D831A59F2BF09458CE16A88 /* FavoriteManager.swift in Sources */ = {isa = PBXBuildFile; fileRef = D4205AF5D1C48BA107461A18 /* FavoriteManager.swift */; };
		13C7CFD21976890D9A6B9743 /* CloudflareManager.swift in Sources */ = {isa = PBXBuildFile; fileRef = 22ABC244964B615F2F59BCBE /* CloudflareManager.swift */; };
		1B07BDB4498FA7E9EA5F1BFA /* SearchResult.swift in Sources */ = {isa = PBXBuildFile; fileRef = 622EE2FD6A45D6B7D875C0C0 /* SearchResult.swift */; };
		1B098AF54B6426FF2ED20DA6 /* ThreadDetailViewController.swift in Sources */ = {isa = PBXBuildFile; fileRef = 343D98C7E4BFBABEF73D1022 /* ThreadDetailViewController.swift */; };
		1B7F454A4C3EAAD6E75CA1FC /* ForumListViewController.swift in Sources */ = {isa = PBXBuildFile; fileRef = 942D6BE5015ABFC7165F0943 /* ForumListViewController.swift */; };
		21B38484DD38A10F2492FFB1 /* ForumThread.swift in Sources */ = {isa = PBXBuildFile; fileRef = 9169EBFFC84A31F561A208AB /* ForumThread.swift */; };
		2AFCEAA71B76A799A4A436ED /* PrivateMessage.swift in Sources */ = {isa = PBXBuildFile; fileRef = ADAF354812FF936AC988A8E0 /* PrivateMessage.swift */; };
		2C2999C3916FA1F1C324E8B4 /* NotificationsViewController.swift in Sources */ = {isa = PBXBuildFile; fileRef = B2FDCFB36293DEDD5246CE4D /* NotificationsViewController.swift */; };
		351C4DEC6FB0DAE990D8EF5A /* CacheManager.swift in Sources */ = {isa = PBXBuildFile; fileRef = 3CB5CDBDD0B658089575BF8A /* CacheManager.swift */; };
		38BD3CB0DE7EB43ED724277F /* ReadTracker.swift in Sources */ = {isa = PBXBuildFile; fileRef = 876BD4DC5C6B9997150693B6 /* ReadTracker.swift */; };
		46F1F8567559B7AE5053C744 /* ContentFormatter.swift in Sources */ = {isa = PBXBuildFile; fileRef = 6BC61ABD75A278C27962FBA0 /* ContentFormatter.swift */; };
		4C7D2B8F6FA4AFC9ADBB52E4 /* SceneDelegate.swift in Sources */ = {isa = PBXBuildFile; fileRef = 738188AF8F87372F35186957 /* SceneDelegate.swift */; };
		529A3403C3D080DC9B0295F6 /* LaunchScreen.storyboard in Resources */ = {isa = PBXBuildFile; fileRef = CB6EF0C2C1FA122291514BFD /* LaunchScreen.storyboard */; };
		580EE67A11F83883ED387EAF /* KeychainManager.swift in Sources */ = {isa = PBXBuildFile; fileRef = A92B1E4ADCC95E1FD6666E83 /* KeychainManager.swift */; };
		6034ECA362AC858DC61D0F7C /* SDWebImage in Frameworks */ = {isa = PBXBuildFile; productRef = 8895C992FC1D58B376939A08 /* SDWebImage */; };
		62D5082EA27BF9531BAD1799 /* ForumManager.swift in Sources */ = {isa = PBXBuildFile; fileRef = 0F4E5B97EF197C3C71560ADE /* ForumManager.swift */; };
		6685C5D57B0E0B3E9313D09E /* NewThreadViewController.swift in Sources */ = {isa = PBXBuildFile; fileRef = 47D47D8F57C0573B16193B46 /* NewThreadViewController.swift */; };
		6944BD1A7F91BD42768AC847 /* SwiftSoup in Frameworks */ = {isa = PBXBuildFile; productRef = 7C4D0183BFA8FD14294F0647 /* SwiftSoup */; };
		6DC10EC6DCA7C0C78875C904 /* ForumUser.swift in Sources */ = {isa = PBXBuildFile; fileRef = 2ABC7FF7BDF1A2497C9066CB /* ForumUser.swift */; };
		88059AB3F70C51288A4F9D17 /* ReplyViewController.swift in Sources */ = {isa = PBXBuildFile; fileRef = 693090A9275A6458CD96E8C8 /* ReplyViewController.swift */; };
		89EBE3A41924D5E0D4DC90B1 /* ThreadDetail.swift in Sources */ = {isa = PBXBuildFile; fileRef = 195BA6EAC59F3E57FD420251 /* ThreadDetail.swift */; };
		8ABBF2F68CDB6C7FC038B83C /* FavoriteThread.swift in Sources */ = {isa = PBXBuildFile; fileRef = 8AA2C67B0B633380464FDF4C /* FavoriteThread.swift */; };
		8CBA66107762D73AF90C8536 /* ForumHTMLParser.swift in Sources */ = {isa = PBXBuildFile; fileRef = 016808113E826901F8EC7285 /* ForumHTMLParser.swift */; };
		908CCC217A0733C6B424C049 /* HomeViewController.swift in Sources */ = {isa = PBXBuildFile; fileRef = 6BF8454FB583F3F9B5C20714 /* HomeViewController.swift */; };
		9390E7526C27FA9C42FE6581 /* ExploreViewController.swift in Sources */ = {isa = PBXBuildFile; fileRef = 9FEEE8D92AFE08A2806D7F3E /* ExploreViewController.swift */; };
		A3CB15AEDA5C22AE00593B72 /* Assets.xcassets in Resources */ = {isa = PBXBuildFile; fileRef = BE5686C50C4933295D1948C8 /* Assets.xcassets */; };
		A98B99F8F7F809675EAF139D /* PMDetailViewController.swift in Sources */ = {isa = PBXBuildFile; fileRef = B70AF0941E6666A358602A9E /* PMDetailViewController.swift */; };
		B4F209B7654FDA8B40645EE6 /* ThreadCell.swift in Sources */ = {isa = PBXBuildFile; fileRef = EDC1FAEBAF26E1B615F46F93 /* ThreadCell.swift */; };
		B62575639A528FAD5AFFA2DC /* MainViewController.swift in Sources */ = {isa = PBXBuildFile; fileRef = FB9227CAE7FAE861B075F1DA /* MainViewController.swift */; };
		BC31E7C5769B7E2EB2014766 /* LoginManager.swift in Sources */ = {isa = PBXBuildFile; fileRef = 7D39365F725FA9B36F8882E8 /* LoginManager.swift */; };
		BCFAFBA7E8145E2154D4D964 /* Theme.swift in Sources */ = {isa = PBXBuildFile; fileRef = 41CD17CFFAC7E6492BD159CB /* Theme.swift */; };
		C3A6C8107009D42C90EAEDB5 /* MainTabBarController.swift in Sources */ = {isa = PBXBuildFile; fileRef = 1949CEC1CFF18FED0B0D6052 /* MainTabBarController.swift */; };
		C8009604F22FF491D3E5DA84 /* ThreadListViewController.swift in Sources */ = {isa = PBXBuildFile; fileRef = 7C1312867DB1D250DE92ECB1 /* ThreadListViewController.swift */; };
		CA0D3BC21BD030DDA6250EA1 /* ForumPost.swift in Sources */ = {isa = PBXBuildFile; fileRef = C219FEE73139AF39A17944DF /* ForumPost.swift */; };
		CC0E3C43886D9E3FEF0AAFFA /* WebClientConfig.swift in Sources */ = {isa = PBXBuildFile; fileRef = 3E8E4D21650AA82AAF6C993F /* WebClientConfig.swift */; };
		D7BF36A3AA33F8854F907326 /* Account.swift in Sources */ = {isa = PBXBuildFile; fileRef = A02F6F808742F7C7DC1604CD /* Account.swift */; };
		DA31FF7CC8C2E42B89BB736B /* PostCell.swift in Sources */ = {isa = PBXBuildFile; fileRef = E0800713389398E547A85EB8 /* PostCell.swift */; };
		DAA3C98C306E8F385E76D002 /* ImageLoader.swift in Sources */ = {isa = PBXBuildFile; fileRef = 5B14E7A348460502FB37529B /* ImageLoader.swift */; };
		E8711FBC3FBDB5D9073ACAB4 /* ProfileViewController.swift in Sources */ = {isa = PBXBuildFile; fileRef = E5FE5DD5398AFE7DCFC26BA6 /* ProfileViewController.swift */; };
		EE229DE2FB5C92205A7FC56F /* AccountManager.swift in Sources */ = {isa = PBXBuildFile; fileRef = D991D4A9FEFD7A551389F547 /* AccountManager.swift */; };
		F02D61C91CFA8228C70ED1FB /* LoginViewController.swift in Sources */ = {isa = PBXBuildFile; fileRef = 70A50342F2F5ACD38C3C5F36 /* LoginViewController.swift */; };
		F762F67E2BA4490546ADE89A /* PMDetail.swift in Sources */ = {isa = PBXBuildFile; fileRef = 9E978D45886EB3554944582F /* PMDetail.swift */; };
		F979772359CC30652A516398 /* NetworkManager.swift in Sources */ = {isa = PBXBuildFile; fileRef = E03B8C3FA0D8D9E28FF4DA78 /* NetworkManager.swift */; };
		FB41F07898DD2C03D472D594 /* AccountSwitcherViewController.swift in Sources */ = {isa = PBXBuildFile; fileRef = C3963FBAE58B4510525D40B3 /* AccountSwitcherViewController.swift */; };
/* End PBXBuildFile section */

/* Begin PBXFileReference section */
		016808113E826901F8EC7285 /* ForumHTMLParser.swift */ = {isa = PBXFileReference; lastKnownFileType = sourcecode.swift; path = ForumHTMLParser.swift; sourceTree = "<group>"; };
		0F4E5B97EF197C3C71560ADE /* ForumManager.swift */ = {isa = PBXFileReference; lastKnownFileType = sourcecode.swift; path = ForumManager.swift; sourceTree = "<group>"; };
		1949CEC1CFF18FED0B0D6052 /* MainTabBarController.swift */ = {isa = PBXFileReference; lastKnownFileType = sourcecode.swift; path = MainTabBarController.swift; sourceTree = "<group>"; };
		195BA6EAC59F3E57FD420251 /* ThreadDetail.swift */ = {isa = PBXFileReference; lastKnownFileType = sourcecode.swift; path = ThreadDetail.swift; sourceTree = "<group>"; };
		22ABC244964B615F2F59BCBE /* CloudflareManager.swift */ = {isa = PBXFileReference; lastKnownFileType = sourcecode.swift; path = CloudflareManager.swift; sourceTree = "<group>"; };
		2ABC7FF7BDF1A2497C9066CB /* ForumUser.swift */ = {isa = PBXFileReference; lastKnownFileType = sourcecode.swift; path = ForumUser.swift; sourceTree = "<group>"; };
		343D98C7E4BFBABEF73D1022 /* ThreadDetailViewController.swift */ = {isa = PBXFileReference; lastKnownFileType = sourcecode.swift; path = ThreadDetailViewController.swift; sourceTree = "<group>"; };
		3CB5CDBDD0B658089575BF8A /* CacheManager.swift */ = {isa = PBXFileReference; lastKnownFileType = sourcecode.swift; path = CacheManager.swift; sourceTree = "<group>"; };
		3E8E4D21650AA82AAF6C993F /* WebClientConfig.swift */ = {isa = PBXFileReference; lastKnownFileType = sourcecode.swift; path = WebClientConfig.swift; sourceTree = "<group>"; };
		41CD17CFFAC7E6492BD159CB /* Theme.swift */ = {isa = PBXFileReference; lastKnownFileType = sourcecode.swift; path = Theme.swift; sourceTree = "<group>"; };
		47D47D8F57C0573B16193B46 /* NewThreadViewController.swift */ = {isa = PBXFileReference; lastKnownFileType = sourcecode.swift; path = NewThreadViewController.swift; sourceTree = "<group>"; };
		55D084ECCF842EF73AAC9F57 /* ForumCell.swift */ = {isa = PBXFileReference; lastKnownFileType = sourcecode.swift; path = ForumCell.swift; sourceTree = "<group>"; };
		5B14E7A348460502FB37529B /* ImageLoader.swift */ = {isa = PBXFileReference; lastKnownFileType = sourcecode.swift; path = ImageLoader.swift; sourceTree = "<group>"; };
		622EE2FD6A45D6B7D875C0C0 /* SearchResult.swift */ = {isa = PBXFileReference; lastKnownFileType = sourcecode.swift; path = SearchResult.swift; sourceTree = "<group>"; };
		693090A9275A6458CD96E8C8 /* ReplyViewController.swift */ = {isa = PBXFileReference; lastKnownFileType = sourcecode.swift; path = ReplyViewController.swift; sourceTree = "<group>"; };
		6BC61ABD75A278C27962FBA0 /* ContentFormatter.swift */ = {isa = PBXFileReference; lastKnownFileType = sourcecode.swift; path = ContentFormatter.swift; sourceTree = "<group>"; };
		6BF8454FB583F3F9B5C20714 /* HomeViewController.swift */ = {isa = PBXFileReference; lastKnownFileType = sourcecode.swift; path = HomeViewController.swift; sourceTree = "<group>"; };
		70A50342F2F5ACD38C3C5F36 /* LoginViewController.swift */ = {isa = PBXFileReference; lastKnownFileType = sourcecode.swift; path = LoginViewController.swift; sourceTree = "<group>"; };
		738188AF8F87372F35186957 /* SceneDelegate.swift */ = {isa = PBXFileReference; lastKnownFileType = sourcecode.swift; path = SceneDelegate.swift; sourceTree = "<group>"; };
		7C1312867DB1D250DE92ECB1 /* ThreadListViewController.swift */ = {isa = PBXFileReference; lastKnownFileType = sourcecode.swift; path = ThreadListViewController.swift; sourceTree = "<group>"; };
		7D39365F725FA9B36F8882E8 /* LoginManager.swift */ = {isa = PBXFileReference; lastKnownFileType = sourcecode.swift; path = LoginManager.swift; sourceTree = "<group>"; };
		876BD4DC5C6B9997150693B6 /* ReadTracker.swift */ = {isa = PBXFileReference; lastKnownFileType = sourcecode.swift; path = ReadTracker.swift; sourceTree = "<group>"; };
		8AA2C67B0B633380464FDF4C /* FavoriteThread.swift */ = {isa = PBXFileReference; lastKnownFileType = sourcecode.swift; path = FavoriteThread.swift; sourceTree = "<group>"; };
		9169EBFFC84A31F561A208AB /* ForumThread.swift */ = {isa = PBXFileReference; lastKnownFileType = sourcecode.swift; path = ForumThread.swift; sourceTree = "<group>"; };
		942D6BE5015ABFC7165F0943 /* ForumListViewController.swift */ = {isa = PBXFileReference; lastKnownFileType = sourcecode.swift; path = ForumListViewController.swift; sourceTree = "<group>"; };
		9E978D45886EB3554944582F /* PMDetail.swift */ = {isa = PBXFileReference; lastKnownFileType = sourcecode.swift; path = PMDetail.swift; sourceTree = "<group>"; };
		9FEEE8D92AFE08A2806D7F3E /* ExploreViewController.swift */ = {isa = PBXFileReference; lastKnownFileType = sourcecode.swift; path = ExploreViewController.swift; sourceTree = "<group>"; };
		A02F6F808742F7C7DC1604CD /* Account.swift */ = {isa = PBXFileReference; lastKnownFileType = sourcecode.swift; path = Account.swift; sourceTree = "<group>"; };
		A55D7DCDAB9138844813DB27 /* SearchViewController.swift */ = {isa = PBXFileReference; lastKnownFileType = sourcecode.swift; path = SearchViewController.swift; sourceTree = "<group>"; };
		A5844F619E511E40F08DEF16 /* FourD4Y.app */ = {isa = PBXFileReference; includeInIndex = 0; lastKnownFileType = wrapper.application; path = FourD4Y.app; sourceTree = BUILT_PRODUCTS_DIR; };
		A92B1E4ADCC95E1FD6666E83 /* KeychainManager.swift */ = {isa = PBXFileReference; lastKnownFileType = sourcecode.swift; path = KeychainManager.swift; sourceTree = "<group>"; };
		AC0C2EC97B9E5546E928C888 /* AppDelegate.swift */ = {isa = PBXFileReference; lastKnownFileType = sourcecode.swift; path = AppDelegate.swift; sourceTree = "<group>"; };
		ADAF354812FF936AC988A8E0 /* PrivateMessage.swift */ = {isa = PBXFileReference; lastKnownFileType = sourcecode.swift; path = PrivateMessage.swift; sourceTree = "<group>"; };
		B2FDCFB36293DEDD5246CE4D /* NotificationsViewController.swift */ = {isa = PBXFileReference; lastKnownFileType = sourcecode.swift; path = NotificationsViewController.swift; sourceTree = "<group>"; };
		B70AF0941E6666A358602A9E /* PMDetailViewController.swift */ = {isa = PBXFileReference; lastKnownFileType = sourcecode.swift; path = PMDetailViewController.swift; sourceTree = "<group>"; };
		BE5686C50C4933295D1948C8 /* Assets.xcassets */ = {isa = PBXFileReference; lastKnownFileType = folder.assetcatalog; path = Assets.xcassets; sourceTree = "<group>"; };
		C219FEE73139AF39A17944DF /* ForumPost.swift */ = {isa = PBXFileReference; lastKnownFileType = sourcecode.swift; path = ForumPost.swift; sourceTree = "<group>"; };
		C3963FBAE58B4510525D40B3 /* AccountSwitcherViewController.swift */ = {isa = PBXFileReference; lastKnownFileType = sourcecode.swift; path = AccountSwitcherViewController.swift; sourceTree = "<group>"; };
		CB6EF0C2C1FA122291514BFD /* LaunchScreen.storyboard */ = {isa = PBXFileReference; lastKnownFileType = file.storyboard; path = LaunchScreen.storyboard; sourceTree = "<group>"; };
		D4205AF5D1C48BA107461A18 /* FavoriteManager.swift */ = {isa = PBXFileReference; lastKnownFileType = sourcecode.swift; path = FavoriteManager.swift; sourceTree = "<group>"; };
		D991D4A9FEFD7A551389F547 /* AccountManager.swift */ = {isa = PBXFileReference; lastKnownFileType = sourcecode.swift; path = AccountManager.swift; sourceTree = "<group>"; };
		E03B8C3FA0D8D9E28FF4DA78 /* NetworkManager.swift */ = {isa = PBXFileReference; lastKnownFileType = sourcecode.swift; path = NetworkManager.swift; sourceTree = "<group>"; };
		E0800713389398E547A85EB8 /* PostCell.swift */ = {isa = PBXFileReference; lastKnownFileType = sourcecode.swift; path = PostCell.swift; sourceTree = "<group>"; };
		E5FE5DD5398AFE7DCFC26BA6 /* ProfileViewController.swift */ = {isa = PBXFileReference; lastKnownFileType = sourcecode.swift; path = ProfileViewController.swift; sourceTree = "<group>"; };
		EDC1FAEBAF26E1B615F46F93 /* ThreadCell.swift */ = {isa = PBXFileReference; lastKnownFileType = sourcecode.swift; path = ThreadCell.swift; sourceTree = "<group>"; };
		FB9227CAE7FAE861B075F1DA /* MainViewController.swift */ = {isa = PBXFileReference; lastKnownFileType = sourcecode.swift; path = MainViewController.swift; sourceTree = "<group>"; };
/* End PBXFileReference section */

/* Begin PBXFrameworksBuildPhase section */
		10AD3169329034068F3E0E7B /* Frameworks */ = {
			isa = PBXFrameworksBuildPhase;
			buildActionMask = 2147483647;
			files = (
				6944BD1A7F91BD42768AC847 /* SwiftSoup in Frameworks */,
				6034ECA362AC858DC61D0F7C /* SDWebImage in Frameworks */,
			);
			runOnlyForDeploymentPostprocessing = 0;
		};
/* End PBXFrameworksBuildPhase section */

/* Begin PBXGroup section */
		37EB406411126D3C484E5CD6 = {
			isa = PBXGroup;
			children = (
				A3E2C65FB6B161973DD73FCA /* Resources */,
				8A474D6EAC90CDCEDCA390BA /* Sources */,
				D5EF633C329B12DFAC5F3F12 /* Products */,
			);
			sourceTree = "<group>";
		};
		4EA088F182AD77DAA05C3E42 /* Views */ = {
			isa = PBXGroup;
			children = (
				6BC61ABD75A278C27962FBA0 /* ContentFormatter.swift */,
				55D084ECCF842EF73AAC9F57 /* ForumCell.swift */,
				E0800713389398E547A85EB8 /* PostCell.swift */,
				41CD17CFFAC7E6492BD159CB /* Theme.swift */,
				EDC1FAEBAF26E1B615F46F93 /* ThreadCell.swift */,
			);
			path = Views;
			sourceTree = "<group>";
		};
		823373578E1036092FB06989 /* Network */ = {
			isa = PBXGroup;
			children = (
				22ABC244964B615F2F59BCBE /* CloudflareManager.swift */,
				E03B8C3FA0D8D9E28FF4DA78 /* NetworkManager.swift */,
				3E8E4D21650AA82AAF6C993F /* WebClientConfig.swift */,
			);
			path = Network;
			sourceTree = "<group>";
		};
		8A474D6EAC90CDCEDCA390BA /* Sources */ = {
			isa = PBXGroup;
			children = (
				AC0C2EC97B9E5546E928C888 /* AppDelegate.swift */,
				0F4E5B97EF197C3C71560ADE /* ForumManager.swift */,
				7D39365F725FA9B36F8882E8 /* LoginManager.swift */,
				FB9227CAE7FAE861B075F1DA /* MainViewController.swift */,
				738188AF8F87372F35186957 /* SceneDelegate.swift */,
				B35277A6E7BF8DCE3830F218 /* Managers */,
				A2D1B4800C330536EA850632 /* Models */,
				823373578E1036092FB06989 /* Network */,
				B0617B2458845AE67C256257 /* Parser */,
				F345177E7F086E3548E952F2 /* ViewControllers */,
				4EA088F182AD77DAA05C3E42 /* Views */,
			);
			path = Sources;
			sourceTree = "<group>";
		};
		A2D1B4800C330536EA850632 /* Models */ = {
			isa = PBXGroup;
			children = (
				A02F6F808742F7C7DC1604CD /* Account.swift */,
				8AA2C67B0B633380464FDF4C /* FavoriteThread.swift */,
				C219FEE73139AF39A17944DF /* ForumPost.swift */,
				9169EBFFC84A31F561A208AB /* ForumThread.swift */,
				2ABC7FF7BDF1A2497C9066CB /* ForumUser.swift */,
				9E978D45886EB3554944582F /* PMDetail.swift */,
				ADAF354812FF936AC988A8E0 /* PrivateMessage.swift */,
				622EE2FD6A45D6B7D875C0C0 /* SearchResult.swift */,
				195BA6EAC59F3E57FD420251 /* ThreadDetail.swift */,
			);
			path = Models;
			sourceTree = "<group>";
		};
		A3E2C65FB6B161973DD73FCA /* Resources */ = {
			isa = PBXGroup;
			children = (
				BE5686C50C4933295D1948C8 /* Assets.xcassets */,
				CB6EF0C2C1FA122291514BFD /* LaunchScreen.storyboard */,
			);
			path = Resources;
			sourceTree = "<group>";
		};
		B0617B2458845AE67C256257 /* Parser */ = {
			isa = PBXGroup;
			children = (
				016808113E826901F8EC7285 /* ForumHTMLParser.swift */,
			);
			path = Parser;
			sourceTree = "<group>";
		};
		B35277A6E7BF8DCE3830F218 /* Managers */ = {
			isa = PBXGroup;
			children = (
				D991D4A9FEFD7A551389F547 /* AccountManager.swift */,
				3CB5CDBDD0B658089575BF8A /* CacheManager.swift */,
				D4205AF5D1C48BA107461A18 /* FavoriteManager.swift */,
				5B14E7A348460502FB37529B /* ImageLoader.swift */,
				A92B1E4ADCC95E1FD6666E83 /* KeychainManager.swift */,
				876BD4DC5C6B9997150693B6 /* ReadTracker.swift */,
			);
			path = Managers;
			sourceTree = "<group>";
		};
		D5EF633C329B12DFAC5F3F12 /* Products */ = {
			isa = PBXGroup;
			children = (
				A5844F619E511E40F08DEF16 /* FourD4Y.app */,
			);
			name = Products;
			sourceTree = "<group>";
		};
		F345177E7F086E3548E952F2 /* ViewControllers */ = {
			isa = PBXGroup;
			children = (
				C3963FBAE58B4510525D40B3 /* AccountSwitcherViewController.swift */,
				9FEEE8D92AFE08A2806D7F3E /* ExploreViewController.swift */,
				942D6BE5015ABFC7165F0943 /* ForumListViewController.swift */,
				6BF8454FB583F3F9B5C20714 /* HomeViewController.swift */,
				70A50342F2F5ACD38C3C5F36 /* LoginViewController.swift */,
				1949CEC1CFF18FED0B0D6052 /* MainTabBarController.swift */,
				47D47D8F57C0573B16193B46 /* NewThreadViewController.swift */,
				B2FDCFB36293DEDD5246CE4D /* NotificationsViewController.swift */,
				B70AF0941E6666A358602A9E /* PMDetailViewController.swift */,
				E5FE5DD5398AFE7DCFC26BA6 /* ProfileViewController.swift */,
				693090A9275A6458CD96E8C8 /* ReplyViewController.swift */,
				A55D7DCDAB9138844813DB27 /* SearchViewController.swift */,
				343D98C7E4BFBABEF73D1022 /* ThreadDetailViewController.swift */,
				7C1312867DB1D250DE92ECB1 /* ThreadListViewController.swift */,
			);
			path = ViewControllers;
			sourceTree = "<group>";
		};
/* End PBXGroup section */

/* Begin PBXNativeTarget section */
		1807F133DE0E0BDCC8505061 /* FourD4Y */ = {
			isa = PBXNativeTarget;
			buildConfigurationList = 473EB80E0355CDDDAAF6224D /* Build configuration list for PBXNativeTarget "FourD4Y" */;
			buildPhases = (
				E25FDCF464C23D976864B1BD /* Sources */,
				AD70FC18DC7A5D24152BBA7E /* Resources */,
				10AD3169329034068F3E0E7B /* Frameworks */,
			);
			buildRules = (
			);
			dependencies = (
			);
			name = FourD4Y;
			packageProductDependencies = (
				7C4D0183BFA8FD14294F0647 /* SwiftSoup */,
				8895C992FC1D58B376939A08 /* SDWebImage */,
			);
			productName = FourD4Y;
			productReference = A5844F619E511E40F08DEF16 /* FourD4Y.app */;
			productType = "com.apple.product-type.application";
		};
/* End PBXNativeTarget section */

/* Begin PBXProject section */
		011ADD5F7305C202C4F296CE /* Project object */ = {
			isa = PBXProject;
			attributes = {
				BuildIndependentTargetsInParallel = YES;
				LastUpgradeCheck = 1500;
				TargetAttributes = {
					1807F133DE0E0BDCC8505061 = {
						DevelopmentTeam = "";
						ProvisioningStyle = Automatic;
					};
				};
			};
			buildConfigurationList = 259EDDFDD774D962515F696E /* Build configuration list for PBXProject "FourD4Y" */;
			developmentRegion = en;
			hasScannedForEncodings = 0;
			knownRegions = (
				Base,
				en,
			);
			mainGroup = 37EB406411126D3C484E5CD6;
			minimizedProjectReferenceProxies = 1;
			packageReferences = (
				D376D3C6311B98217AD7978C /* XCRemoteSwiftPackageReference "SDWebImage" */,
				6C17FC327B94FB9BD4A3CB14 /* XCRemoteSwiftPackageReference "SwiftSoup" */,
			);
			preferredProjectObjectVersion = 77;
			productRefGroup = D5EF633C329B12DFAC5F3F12 /* Products */;
			projectDirPath = "";
			projectRoot = "";
			targets = (
				1807F133DE0E0BDCC8505061 /* FourD4Y */,
			);
		};
/* End PBXProject section */

/* Begin PBXResourcesBuildPhase section */
		AD70FC18DC7A5D24152BBA7E /* Resources */ = {
			isa = PBXResourcesBuildPhase;
			buildActionMask = 2147483647;
			files = (
				A3CB15AEDA5C22AE00593B72 /* Assets.xcassets in Resources */,
				529A3403C3D080DC9B0295F6 /* LaunchScreen.storyboard in Resources */,
			);
			runOnlyForDeploymentPostprocessing = 0;
		};
/* End PBXResourcesBuildPhase section */

/* Begin PBXSourcesBuildPhase section */
		E25FDCF464C23D976864B1BD /* Sources */ = {
			isa = PBXSourcesBuildPhase;
			buildActionMask = 2147483647;
			files = (
				D7BF36A3AA33F8854F907326 /* Account.swift in Sources */,
				EE229DE2FB5C92205A7FC56F /* AccountManager.swift in Sources */,
				FB41F07898DD2C03D472D594 /* AccountSwitcherViewController.swift in Sources */,
				005FCB444EFCC9B96D4A30AA /* AppDelegate.swift in Sources */,
				351C4DEC6FB0DAE990D8EF5A /* CacheManager.swift in Sources */,
				13C7CFD21976890D9A6B9743 /* CloudflareManager.swift in Sources */,
				46F1F8567559B7AE5053C744 /* ContentFormatter.swift in Sources */,
				9390E7526C27FA9C42FE6581 /* ExploreViewController.swift in Sources */,
				0D831A59F2BF09458CE16A88 /* FavoriteManager.swift in Sources */,
				8ABBF2F68CDB6C7FC038B83C /* FavoriteThread.swift in Sources */,
				05249118C098B3B474B06A7A /* ForumCell.swift in Sources */,
				8CBA66107762D73AF90C8536 /* ForumHTMLParser.swift in Sources */,
				1B7F454A4C3EAAD6E75CA1FC /* ForumListViewController.swift in Sources */,
				62D5082EA27BF9531BAD1799 /* ForumManager.swift in Sources */,
				CA0D3BC21BD030DDA6250EA1 /* ForumPost.swift in Sources */,
				21B38484DD38A10F2492FFB1 /* ForumThread.swift in Sources */,
				6DC10EC6DCA7C0C78875C904 /* ForumUser.swift in Sources */,
				908CCC217A0733C6B424C049 /* HomeViewController.swift in Sources */,
				DAA3C98C306E8F385E76D002 /* ImageLoader.swift in Sources */,
				580EE67A11F83883ED387EAF /* KeychainManager.swift in Sources */,
				BC31E7C5769B7E2EB2014766 /* LoginManager.swift in Sources */,
				F02D61C91CFA8228C70ED1FB /* LoginViewController.swift in Sources */,
				C3A6C8107009D42C90EAEDB5 /* MainTabBarController.swift in Sources */,
				B62575639A528FAD5AFFA2DC /* MainViewController.swift in Sources */,
				F979772359CC30652A516398 /* NetworkManager.swift in Sources */,
				6685C5D57B0E0B3E9313D09E /* NewThreadViewController.swift in Sources */,
				2C2999C3916FA1F1C324E8B4 /* NotificationsViewController.swift in Sources */,
				F762F67E2BA4490546ADE89A /* PMDetail.swift in Sources */,
				A98B99F8F7F809675EAF139D /* PMDetailViewController.swift in Sources */,
				DA31FF7CC8C2E42B89BB736B /* PostCell.swift in Sources */,
				2AFCEAA71B76A799A4A436ED /* PrivateMessage.swift in Sources */,
				E8711FBC3FBDB5D9073ACAB4 /* ProfileViewController.swift in Sources */,
				38BD3CB0DE7EB43ED724277F /* ReadTracker.swift in Sources */,
				88059AB3F70C51288A4F9D17 /* ReplyViewController.swift in Sources */,
				4C7D2B8F6FA4AFC9ADBB52E4 /* SceneDelegate.swift in Sources */,
				1B07BDB4498FA7E9EA5F1BFA /* SearchResult.swift in Sources */,
				00349D18A57CBE3FD2448840 /* SearchViewController.swift in Sources */,
				BCFAFBA7E8145E2154D4D964 /* Theme.swift in Sources */,
				B4F209B7654FDA8B40645EE6 /* ThreadCell.swift in Sources */,
				89EBE3A41924D5E0D4DC90B1 /* ThreadDetail.swift in Sources */,
				1B098AF54B6426FF2ED20DA6 /* ThreadDetailViewController.swift in Sources */,
				C8009604F22FF491D3E5DA84 /* ThreadListViewController.swift in Sources */,
				CC0E3C43886D9E3FEF0AAFFA /* WebClientConfig.swift in Sources */,
			);
			runOnlyForDeploymentPostprocessing = 0;
		};
/* End PBXSourcesBuildPhase section */

/* Begin XCBuildConfiguration section */
		16A9F515DFE8A393C47BE909 /* Debug */ = {
			isa = XCBuildConfiguration;
			buildSettings = {
				ALWAYS_SEARCH_USER_PATHS = NO;
				ASSETCATALOG_COMPILER_APPICON_NAME = AppIcon;
				CLANG_ANALYZER_NONNULL = YES;
				CLANG_ANALYZER_NUMBER_OBJECT_CONVERSION = YES_AGGRESSIVE;
				CLANG_CXX_LANGUAGE_STANDARD = "gnu++14";
				CLANG_CXX_LIBRARY = "libc++";
				CLANG_ENABLE_MODULES = YES;
				CLANG_ENABLE_OBJC_ARC = YES;
				CLANG_ENABLE_OBJC_WEAK = YES;
				CLANG_WARN_BLOCK_CAPTURE_AUTORELEASING = YES;
				CLANG_WARN_BOOL_CONVERSION = YES;
				CLANG_WARN_COMMA = YES;
				CLANG_WARN_CONSTANT_CONVERSION = YES;
				CLANG_WARN_DEPRECATED_OBJC_IMPLEMENTATIONS = YES;
				CLANG_WARN_DIRECT_OBJC_ISA_USAGE = YES_ERROR;
				CLANG_WARN_DOCUMENTATION_COMMENTS = YES;
				CLANG_WARN_EMPTY_BODY = YES;
				CLANG_WARN_ENUM_CONVERSION = YES;
				CLANG_WARN_INFINITE_RECURSION = YES;
				CLANG_WARN_INT_CONVERSION = YES;
				CLANG_WARN_NON_LITERAL_NULL_CONVERSION = YES;
				CLANG_WARN_OBJC_IMPLICIT_RETAIN_SELF = YES;
				CLANG_WARN_OBJC_LITERAL_CONVERSION = YES;
				CLANG_WARN_OBJC_ROOT_CLASS = YES_ERROR;
				CLANG_WARN_QUOTED_INCLUDE_IN_FRAMEWORK_HEADER = YES;
				CLANG_WARN_RANGE_LOOP_ANALYSIS = YES;
				CLANG_WARN_STRICT_PROTOTYPES = YES;
				CLANG_WARN_SUSPICIOUS_MOVE = YES;
				CLANG_WARN_UNGUARDED_AVAILABILITY = YES_AGGRESSIVE;
				CLANG_WARN_UNREACHABLE_CODE = YES;
				CLANG_WARN__DUPLICATE_METHOD_MATCH = YES;
				CODE_SIGN_STYLE = Automatic;
				COPY_PHASE_STRIP = NO;
				CURRENT_PROJECT_VERSION = 1;
				DEBUG_INFORMATION_FORMAT = dwarf;
				DEVELOPMENT_TEAM = "";
				ENABLE_STRICT_OBJC_MSGSEND = YES;
				ENABLE_TESTABILITY = YES;
				GCC_C_LANGUAGE_STANDARD = gnu11;
				GCC_DYNAMIC_NO_PIC = NO;
				GCC_NO_COMMON_BLOCKS = YES;
				GCC_OPTIMIZATION_LEVEL = 0;
				GCC_PREPROCESSOR_DEFINITIONS = (
					"$(inherited)",
					"DEBUG=1",
				);
				GCC_WARN_64_TO_32_BIT_CONVERSION = YES;
				GCC_WARN_ABOUT_RETURN_TYPE = YES_ERROR;
				GCC_WARN_UNDECLARED_SELECTOR = YES;
				GCC_WARN_UNINITIALIZED_AUTOS = YES_AGGRESSIVE;
				GCC_WARN_UNUSED_FUNCTION = YES;
				GCC_WARN_UNUSED_VARIABLE = YES;
				INFOPLIST_FILE = Resources/Info.plist;
				IPHONEOS_DEPLOYMENT_TARGET = 14.0;
				MARKETING_VERSION = 1.0.0;
				MTL_ENABLE_DEBUG_INFO = INCLUDE_SOURCE;
				MTL_FAST_MATH = YES;
				ONLY_ACTIVE_ARCH = YES;
				PRODUCT_BUNDLE_IDENTIFIER = com.forum.fourd4y;
				PRODUCT_NAME = "$(TARGET_NAME)";
				SDKROOT = iphoneos;
				SWIFT_ACTIVE_COMPILATION_CONDITIONS = DEBUG;
				SWIFT_OPTIMIZATION_LEVEL = "-Onone";
				SWIFT_VERSION = 5.0;
				TARGETED_DEVICE_FAMILY = "1,2";
			};
			name = Debug;
		};
		2A008FEC4052EF22D589529C /* Debug */ = {
			isa = XCBuildConfiguration;
			buildSettings = {
				ASSETCATALOG_COMPILER_APPICON_NAME = AppIcon;
				CODE_SIGN_ENTITLEMENTS = Resources/FourD4Y.entitlements;
				CODE_SIGN_IDENTITY = "iPhone Developer";
				LD_RUNPATH_SEARCH_PATHS = (
					"$(inherited)",
					"@executable_path/Frameworks",
				);
				PRODUCT_BUNDLE_IDENTIFIER = com.forum.fourd4y;
				SDKROOT = iphoneos;
				TARGETED_DEVICE_FAMILY = "1,2";
			};
			name = Debug;
		};
		2EC76C31C3FBD091FE806B29 /* Release */ = {
			isa = XCBuildConfiguration;
			buildSettings = {
				ASSETCATALOG_COMPILER_APPICON_NAME = AppIcon;
				CODE_SIGN_ENTITLEMENTS = Resources/FourD4Y.entitlements;
				CODE_SIGN_IDENTITY = "iPhone Developer";
				LD_RUNPATH_SEARCH_PATHS = (
					"$(inherited)",
					"@executable_path/Frameworks",
				);
				PRODUCT_BUNDLE_IDENTIFIER = com.forum.fourd4y;
				SDKROOT = iphoneos;
				TARGETED_DEVICE_FAMILY = "1,2";
			};
			name = Release;
		};
		9FD87EC279DEF1C3944243EB /* Release */ = {
			isa = XCBuildConfiguration;
			buildSettings = {
				ALWAYS_SEARCH_USER_PATHS = NO;
				ASSETCATALOG_COMPILER_APPICON_NAME = AppIcon;
				CLANG_ANALYZER_NONNULL = YES;
				CLANG_ANALYZER_NUMBER_OBJECT_CONVERSION = YES_AGGRESSIVE;
				CLANG_CXX_LANGUAGE_STANDARD = "gnu++14";
				CLANG_CXX_LIBRARY = "libc++";
				CLANG_ENABLE_MODULES = YES;
				CLANG_ENABLE_OBJC_ARC = YES;
				CLANG_ENABLE_OBJC_WEAK = YES;
				CLANG_WARN_BLOCK_CAPTURE_AUTORELEASING = YES;
				CLANG_WARN_BOOL_CONVERSION = YES;
				CLANG_WARN_COMMA = YES;
				CLANG_WARN_CONSTANT_CONVERSION = YES;
				CLANG_WARN_DEPRECATED_OBJC_IMPLEMENTATIONS = YES;
				CLANG_WARN_DIRECT_OBJC_ISA_USAGE = YES_ERROR;
				CLANG_WARN_DOCUMENTATION_COMMENTS = YES;
				CLANG_WARN_EMPTY_BODY = YES;
				CLANG_WARN_ENUM_CONVERSION = YES;
				CLANG_WARN_INFINITE_RECURSION = YES;
				CLANG_WARN_INT_CONVERSION = YES;
				CLANG_WARN_NON_LITERAL_NULL_CONVERSION = YES;
				CLANG_WARN_OBJC_IMPLICIT_RETAIN_SELF = YES;
				CLANG_WARN_OBJC_LITERAL_CONVERSION = YES;
				CLANG_WARN_OBJC_ROOT_CLASS = YES_ERROR;
				CLANG_WARN_QUOTED_INCLUDE_IN_FRAMEWORK_HEADER = YES;
				CLANG_WARN_RANGE_LOOP_ANALYSIS = YES;
				CLANG_WARN_STRICT_PROTOTYPES = YES;
				CLANG_WARN_SUSPICIOUS_MOVE = YES;
				CLANG_WARN_UNGUARDED_AVAILABILITY = YES_AGGRESSIVE;
				CLANG_WARN_UNREACHABLE_CODE = YES;
				CLANG_WARN__DUPLICATE_METHOD_MATCH = YES;
				CODE_SIGN_STYLE = Automatic;
				COPY_PHASE_STRIP = NO;
				CURRENT_PROJECT_VERSION = 1;
				DEBUG_INFORMATION_FORMAT = "dwarf-with-dsym";
				DEVELOPMENT_TEAM = "";
				ENABLE_NS_ASSERTIONS = NO;
				ENABLE_STRICT_OBJC_MSGSEND = YES;
				GCC_C_LANGUAGE_STANDARD = gnu11;
				GCC_NO_COMMON_BLOCKS = YES;
				GCC_WARN_64_TO_32_BIT_CONVERSION = YES;
				GCC_WARN_ABOUT_RETURN_TYPE = YES_ERROR;
				GCC_WARN_UNDECLARED_SELECTOR = YES;
				GCC_WARN_UNINITIALIZED_AUTOS = YES_AGGRESSIVE;
				GCC_WARN_UNUSED_FUNCTION = YES;
				GCC_WARN_UNUSED_VARIABLE = YES;
				INFOPLIST_FILE = Resources/Info.plist;
				IPHONEOS_DEPLOYMENT_TARGET = 14.0;
				MARKETING_VERSION = 1.0.0;
				MTL_ENABLE_DEBUG_INFO = NO;
				MTL_FAST_MATH = YES;
				PRODUCT_BUNDLE_IDENTIFIER = com.forum.fourd4y;
				PRODUCT_NAME = "$(TARGET_NAME)";
				SDKROOT = iphoneos;
				SWIFT_COMPILATION_MODE = wholemodule;
				SWIFT_OPTIMIZATION_LEVEL = "-O";
				SWIFT_VERSION = 5.0;
				TARGETED_DEVICE_FAMILY = "1,2";
			};
			name = Release;
		};
/* End XCBuildConfiguration section */

/* Begin XCConfigurationList section */
		259EDDFDD774D962515F696E /* Build configuration list for PBXProject "FourD4Y" */ = {
			isa = XCConfigurationList;
			buildConfigurations = (
				16A9F515DFE8A393C47BE909 /* Debug */,
				9FD87EC279DEF1C3944243EB /* Release */,
			);
			defaultConfigurationIsVisible = 0;
			defaultConfigurationName = Debug;
		};
		473EB80E0355CDDDAAF6224D /* Build configuration list for PBXNativeTarget "FourD4Y" */ = {
			isa = XCConfigurationList;
			buildConfigurations = (
				2A008FEC4052EF22D589529C /* Debug */,
				2EC76C31C3FBD091FE806B29 /* Release */,
			);
			defaultConfigurationIsVisible = 0;
			defaultConfigurationName = Debug;
		};
/* End XCConfigurationList section */

/* Begin XCRemoteSwiftPackageReference section */
		6C17FC327B94FB9BD4A3CB14 /* XCRemoteSwiftPackageReference "SwiftSoup" */ = {
			isa = XCRemoteSwiftPackageReference;
			repositoryURL = "https://github.com/scinfu/SwiftSoup.git";
			requirement = {
				kind = upToNextMajorVersion;
				minimumVersion = 2.6.0;
			};
		};
		D376D3C6311B98217AD7978C /* XCRemoteSwiftPackageReference "SDWebImage" */ = {
			isa = XCRemoteSwiftPackageReference;
			repositoryURL = "https://github.com/SDWebImage/SDWebImage.git";
			requirement = {
				kind = upToNextMajorVersion;
				minimumVersion = 5.18.0;
			};
		};
/* End XCRemoteSwiftPackageReference section */

/* Begin XCSwiftPackageProductDependency section */
		7C4D0183BFA8FD14294F0647 /* SwiftSoup */ = {
			isa = XCSwiftPackageProductDependency;
			package = 6C17FC327B94FB9BD4A3CB14 /* XCRemoteSwiftPackageReference "SwiftSoup" */;
			productName = SwiftSoup;
		};
		8895C992FC1D58B376939A08 /* SDWebImage */ = {
			isa = XCSwiftPackageProductDependency;
			package = D376D3C6311B98217AD7978C /* XCRemoteSwiftPackageReference "SDWebImage" */;
			productName = SDWebImage;
		};
/* End XCSwiftPackageProductDependency section */
	};
	rootObject = 011ADD5F7305C202C4F296CE /* Project object */;
}
